
Microsoft Visual Studio Solution File, Format Version 12.00
# Visual Studio Version 16
VisualStudioVersion = 16.0.30907.101
MinimumVisualStudioVersion = 10.0.40219.1
Project("{8BC9CEB8-8B4A-11D0-8D11-00A0C91BC942}") = "CppCrypt", "CppCrypt\CppCrypt.vcxproj", "{E0289D3F-F3AC-4997-987B-9005D54E32DE}"
EndProject
Global
	GlobalSection(SolutionConfigurationPlatforms) = preSolution
		Debug|x64 = Debug|x64
		Release|x64 = Release|x64
	EndGlobalSection
	GlobalSection(ProjectConfigurationPlatforms) = postSolution
		{E0289D3F-F3AC-4997-987B-9005D54E32DE}.Debug|x64.ActiveCfg = Debug|x64
		{E0289D3F-F3AC-4997-987B-9005D54E32DE}.Debug|x64.Build.0 = Debug|x64
		{E0289D3F-F3AC-4997-987B-9005D54E32DE}.Release|x64.ActiveCfg = Release|x64
		{E0289D3F-F3AC-4997-987B-9005D54E32DE}.Release|x64.Build.0 = Release|x64
	EndGlobalSection
	GlobalSection(SolutionProperties) = preSolution
		HideSolutionNode = FALSE
	EndGlobalSection
	GlobalSection(ExtensibilityGlobals) = postSolution
		SolutionGuid = {355B86AE-EF76-4706-9A07-F4A996B3C826}
	EndGlobalSection
EndGlobal
